
Microsoft Visual Studio Solution File, Format Version 12.00
# Visual Studio Version 17
VisualStudioVersion = 17.8.34511.84
MinimumVisualStudioVersion = 10.0.40219.1
Project("{FAE04EC0-301F-11D3-BF4B-00C04F79EFBC}") = "KodlamaIOWorkshop", "KodlamaIOWorkshop\KodlamaIOWorkshop.csproj", "{05AD5307-4F5F-4055-840D-504B0230D4EC}"
EndProject
Global
	GlobalSection(SolutionConfigurationPlatforms) = preSolution
		Debug|Any CPU = Debug|Any CPU
		Release|Any CPU = Release|Any CPU
	EndGlobalSection
	GlobalSection(ProjectConfigurationPlatforms) = postSolution
		{05AD5307-4F5F-4055-840D-504B0230D4EC}.Debug|Any CPU.ActiveCfg = Debug|Any CPU
		{05AD5307-4F5F-4055-840D-504B0230D4EC}.Debug|Any CPU.Build.0 = Debug|Any CPU
		{05AD5307-4F5F-4055-840D-504B0230D4EC}.Release|Any CPU.ActiveCfg = Release|Any CPU
		{05AD5307-4F5F-4055-840D-504B0230D4EC}.Release|Any CPU.Build.0 = Release|Any CPU
	EndGlobalSection
	GlobalSection(SolutionProperties) = preSolution
		HideSolutionNode = FALSE
	EndGlobalSection
	GlobalSection(ExtensibilityGlobals) = postSolution
		SolutionGuid = {5F94A5FA-BA87-43A2-B8FD-3775D6898B31}
	EndGlobalSection
EndGlobal
